
Microsoft Visual Studio Solution File, Format Version 12.00
# Visual Studio Version 17
VisualStudioVersion = 17.7.34031.279
MinimumVisualStudioVersion = 10.0.40219.1
Project("{8BC9CEB8-8B4A-11D0-8D11-00A0C91BC942}") = "Bonobono", "Bonobono\Bonobono.vcxproj", "{8CA73020-37D6-4A8B-92B4-04E79218630D}"
EndProject
Project("{8BC9CEB8-8B4A-11D0-8D11-00A0C91BC942}") = "Ryan", "Ryan\Ryan.vcxproj", "{35838F5F-F020-40BC-BDAA-E459FF96A729}"
EndProject
Global
	GlobalSection(SolutionConfigurationPlatforms) = preSolution
		Debug|x64 = Debug|x64
		Debug|x86 = Debug|x86
		Release|x64 = Release|x64
		Release|x86 = Release|x86
	EndGlobalSection
	GlobalSection(ProjectConfigurationPlatforms) = postSolution
		{8CA73020-37D6-4A8B-92B4-04E79218630D}.Debug|x64.ActiveCfg = Debug|x64
		{8CA73020-37D6-4A8B-92B4-04E79218630D}.Debug|x64.Build.0 = Debug|x64
		{8CA73020-37D6-4A8B-92B4-04E79218630D}.Debug|x86.ActiveCfg = Debug|Win32
		{8CA73020-37D6-4A8B-92B4-04E79218630D}.Debug|x86.Build.0 = Debug|Win32
		{8CA73020-37D6-4A8B-92B4-04E79218630D}.Release|x64.ActiveCfg = Release|x64
		{8CA73020-37D6-4A8B-92B4-04E79218630D}.Release|x64.Build.0 = Release|x64
		{8CA73020-37D6-4A8B-92B4-04E79218630D}.Release|x86.ActiveCfg = Release|Win32
		{8CA73020-37D6-4A8B-92B4-04E79218630D}.Release|x86.Build.0 = Release|Win32
		{35838F5F-F020-40BC-BDAA-E459FF96A729}.Debug|x64.ActiveCfg = Debug|x64
		{35838F5F-F020-40BC-BDAA-E459FF96A729}.Debug|x64.Build.0 = Debug|x64
		{35838F5F-F020-40BC-BDAA-E459FF96A729}.Debug|x86.ActiveCfg = Debug|Win32
		{35838F5F-F020-40BC-BDAA-E459FF96A729}.Debug|x86.Build.0 = Debug|Win32
		{35838F5F-F020-40BC-BDAA-E459FF96A729}.Release|x64.ActiveCfg = Release|x64
		{35838F5F-F020-40BC-BDAA-E459FF96A729}.Release|x64.Build.0 = Release|x64
		{35838F5F-F020-40BC-BDAA-E459FF96A729}.Release|x86.ActiveCfg = Release|Win32
		{35838F5F-F020-40BC-BDAA-E459FF96A729}.Release|x86.Build.0 = Release|Win32
	EndGlobalSection
	GlobalSection(SolutionProperties) = preSolution
		HideSolutionNode = FALSE
	EndGlobalSection
	GlobalSection(ExtensibilityGlobals) = postSolution
		SolutionGuid = {99C3F2DD-A257-45CF-9B85-0B82C0525FB5}
	EndGlobalSection
EndGlobal
